
Microsoft Visual Studio Solution File, Format Version 12.00
# Visual Studio 15
VisualStudioVersion = 15.0.28010.2019
MinimumVisualStudioVersion = 10.0.40219.1
Project("{FAE04EC0-301F-11D3-BF4B-00C04F79EFBC}") = "AuthenticationIdentity", "AuthenticationIdentity\AuthenticationIdentity.csproj", "{959B0899-50ED-4A31-A9D8-5FB00B95DC9C}"
EndProject
Global
	GlobalSection(SolutionConfigurationPlatforms) = preSolution
		Debug|Any CPU = Debug|Any CPU
		Release|Any CPU = Release|Any CPU
	EndGlobalSection
	GlobalSection(ProjectConfigurationPlatforms) = postSolution
		{959B0899-50ED-4A31-A9D8-5FB00B95DC9C}.Debug|Any CPU.ActiveCfg = Debug|Any CPU
		{959B0899-50ED-4A31-A9D8-5FB00B95DC9C}.Debug|Any CPU.Build.0 = Debug|Any CPU
		{959B0899-50ED-4A31-A9D8-5FB00B95DC9C}.Release|Any CPU.ActiveCfg = Release|Any CPU
		{959B0899-50ED-4A31-A9D8-5FB00B95DC9C}.Release|Any CPU.Build.0 = Release|Any CPU
	EndGlobalSection
	GlobalSection(SolutionProperties) = preSolution
		HideSolutionNode = FALSE
	EndGlobalSection
	GlobalSection(ExtensibilityGlobals) = postSolution
		SolutionGuid = {5592B453-A892-4C37-BD47-FC0EAF3FF929}
	EndGlobalSection
EndGlobal
